
Microsoft Visual Studio Solution File, Format Version 12.00
# Visual Studio Version 17
VisualStudioVersion = 17.1.32210.238
MinimumVisualStudioVersion = 10.0.40219.1
Project("{FAE04EC0-301F-11D3-BF4B-00C04F79EFBC}") = "WindowsFormsApp4", "WindowsFormsApp4\WindowsFormsApp4.csproj", "{5DA648F6-CF5C-4AA1-8617-4EE5FBB2A654}"
EndProject
Global
	GlobalSection(SolutionConfigurationPlatforms) = preSolution
		Debug|Any CPU = Debug|Any CPU
		Release|Any CPU = Release|Any CPU
	EndGlobalSection
	GlobalSection(ProjectConfigurationPlatforms) = postSolution
		{5DA648F6-CF5C-4AA1-8617-4EE5FBB2A654}.Debug|Any CPU.ActiveCfg = Debug|Any CPU
		{5DA648F6-CF5C-4AA1-8617-4EE5FBB2A654}.Debug|Any CPU.Build.0 = Debug|Any CPU
		{5DA648F6-CF5C-4AA1-8617-4EE5FBB2A654}.Release|Any CPU.ActiveCfg = Release|Any CPU
		{5DA648F6-CF5C-4AA1-8617-4EE5FBB2A654}.Release|Any CPU.Build.0 = Release|Any CPU
	EndGlobalSection
	GlobalSection(SolutionProperties) = preSolution
		HideSolutionNode = FALSE
	EndGlobalSection
	GlobalSection(ExtensibilityGlobals) = postSolution
		SolutionGuid = {8BEC64EE-526D-4155-9BDF-E98FFDB69F60}
	EndGlobalSection
EndGlobal
